
Microsoft Visual Studio Solution File, Format Version 12.00
# Visual Studio Version 16
VisualStudioVersion = 16.0.29509.3
MinimumVisualStudioVersion = 10.0.40219.1
Project("{FAE04EC0-301F-11D3-BF4B-00C04F79EFBC}") = "sistemaAgenda_v3", "sistemaAgenda_v3\sistemaAgenda_v3.csproj", "{F61EA105-54C4-4D7B-90A2-45D8E8E02FE6}"
EndProject
Global
	GlobalSection(SolutionConfigurationPlatforms) = preSolution
		Debug|Any CPU = Debug|Any CPU
		Release|Any CPU = Release|Any CPU
	EndGlobalSection
	GlobalSection(ProjectConfigurationPlatforms) = postSolution
		{F61EA105-54C4-4D7B-90A2-45D8E8E02FE6}.Debug|Any CPU.ActiveCfg = Debug|Any CPU
		{F61EA105-54C4-4D7B-90A2-45D8E8E02FE6}.Debug|Any CPU.Build.0 = Debug|Any CPU
		{F61EA105-54C4-4D7B-90A2-45D8E8E02FE6}.Release|Any CPU.ActiveCfg = Release|Any CPU
		{F61EA105-54C4-4D7B-90A2-45D8E8E02FE6}.Release|Any CPU.Build.0 = Release|Any CPU
	EndGlobalSection
	GlobalSection(SolutionProperties) = preSolution
		HideSolutionNode = FALSE
	EndGlobalSection
	GlobalSection(ExtensibilityGlobals) = postSolution
		SolutionGuid = {F1BC201D-0655-4506-879B-121E09360FA7}
	EndGlobalSection
EndGlobal
